// !$*UTF8*$!
{
	archiveVersion = 1;
	classes = {
	};
	objectVersion = 50;
	objects = {

/* Begin PBXBuildFile section */
		95BA2A5F24E8C02D005A45CA /* AppDelegate.swift in Sources */ = {isa = PBXBuildFile; fileRef = 95BA2A5E24E8C02D005A45CA /* AppDelegate.swift */; };
		95BA2A6124E8C02D005A45CA /* SceneDelegate.swift in Sources */ = {isa = PBXBuildFile; fileRef = 95BA2A6024E8C02D005A45CA /* SceneDelegate.swift */; };
		95BA2A6324E8C02D005A45CA /* ViewController.swift in Sources */ = {isa = PBXBuildFile; fileRef = 95BA2A6224E8C02D005A45CA /* ViewController.swift */; };
		95BA2A6624E8C02D005A45CA /* Main.storyboard in Resources */ = {isa = PBXBuildFile; fileRef = 95BA2A6424E8C02D005A45CA /* Main.storyboard */; };
		95BA2A6824E8C02E005A45CA /* Assets.xcassets in Resources */ = {isa = PBXBuildFile; fileRef = 95BA2A6724E8C02E005A45CA /* Assets.xcassets */; };
		95BA2A6B24E8C02E005A45CA /* LaunchScreen.storyboard in Resources */ = {isa = PBXBuildFile; fileRef = 95BA2A6924E8C02E005A45CA /* LaunchScreen.storyboard */; };
/* End PBXBuildFile section */

/* Begin PBXFileReference section */
		95BA2A5B24E8C02D005A45CA /* TblVu1.app */ = {isa = PBXFileReference; explicitFileType = wrapper.application; includeInIndex = 0; path = TblVu1.app; sourceTree = BUILT_PRODUCTS_DIR; };
		95BA2A5E24E8C02D005A45CA /* AppDelegate.swift */ = {isa = PBXFileReference; lastKnownFileType = sourcecode.swift; path = AppDelegate.swift; sourceTree = "<group>"; };
		95BA2A6024E8C02D005A45CA /* SceneDelegate.swift */ = {isa = PBXFileReference; lastKnownFileType = sourcecode.swift; path = SceneDelegate.swift; sourceTree = "<group>"; };
		95BA2A6224E8C02D005A45CA /* ViewController.swift */ = {isa = PBXFileReference; lastKnownFileType = sourcecode.swift; path = ViewController.swift; sourceTree = "<group>"; };
		95BA2A6524E8C02D005A45CA /* Base */ = {isa = PBXFileReference; lastKnownFileType = file.storyboard; name = Base; path = Base.lproj/Main.storyboard; sourceTree = "<group>"; };
		95BA2A6724E8C02E005A45CA /* Assets.xcassets */ = {isa = PBXFileReference; lastKnownFileType = folder.assetcatalog; path = Assets.xcassets; sourceTree = "<group>"; };
		95BA2A6A24E8C02E005A45CA /* Base */ = {isa = PBXFileReference; lastKnownFileType = file.storyboard; name = Base; path = Base.lproj/LaunchScreen.storyboard; sourceTree = "<group>"; };
		95BA2A6C24E8C02E005A45CA /* Info.plist */ = {isa = PBXFileReference; lastKnownFileType = text.plist.xml; path = Info.plist; sourceTree = "<group>"; };
/* End PBXFileReference section */

/* Begin PBXFrameworksBuildPhase section */
		95BA2A5824E8C02D005A45CA /* Frameworks */ = {
			isa = PBXFrameworksBuildPhase;
			buildActionMask = 2147483647;
			files = (
			);
			runOnlyForDeploymentPostprocessing = 0;
		};
/* End PBXFrameworksBuildPhase section */

/* Begin PBXGroup section */
		95BA2A5224E8C02D005A45CA = {
			isa = PBXGroup;
			children = (
				95BA2A5D24E8C02D005A45CA /* TblVu1 */,
				95BA2A5C24E8C02D005A45CA /* Products */,
			);
			sourceTree = "<group>";
		};
		95BA2A5C24E8C02D005A45CA /* Products */ = {
			isa = PBXGroup;
			children = (
				95BA2A5B24E8C02D005A45CA /* TblVu1.app */,
			);
			name = Products;
			sourceTree = "<group>";
		};
		95BA2A5D24E8C02D005A45CA /* TblVu1 */ = {
			isa = PBXGroup;
			children = (
				95BA2A5E24E8C02D005A45CA /* AppDelegate.swift */,
				95BA2A6024E8C02D005A45CA /* SceneDelegate.swift */,
				95BA2A6224E8C02D005A45CA /* ViewController.swift */,
				95BA2A6424E8C02D005A45CA /* Main.storyboard */,
				95BA2A6724E8C02E005A45CA /* Assets.xcassets */,
				95BA2A6924E8C02E005A45CA /* LaunchScreen.storyboard */,
				95BA2A6C24E8C02E005A45CA /* Info.plist */,
			);
			path = TblVu1;
			sourceTree = "<group>";
		};
/* End PBXGroup section */

/* Begin PBXNativeTarget section */
		95BA2A5A24E8C02D005A45CA /* TblVu1 */ = {
			isa = PBXNativeTarget;
			buildConfigurationList = 95BA2A6F24E8C02E005A45CA /* Build configuration list for PBXNativeTarget "TblVu1" */;
			buildPhases = (
				95BA2A5724E8C02D005A45CA /* Sources */,
				95BA2A5824E8C02D005A45CA /* Frameworks */,
				95BA2A5924E8C02D005A45CA /* Resources */,
			);
			buildRules = (
			);
			dependencies = (
			);
			name = TblVu1;
			productName = TblVu1;
			productReference = 95BA2A5B24E8C02D005A45CA /* TblVu1.app */;
			productType = "com.apple.product-type.application";
		};
/* End PBXNativeTarget section */

/* Begin PBXProject section */
		95BA2A5324E8C02D005A45CA /* Project object */ = {
			isa = PBXProject;
			attributes = {
				LastSwiftUpdateCheck = 1160;
				LastUpgradeCheck = 1160;
				ORGANIZATIONNAME = GroundSpeed;
				TargetAttributes = {
					95BA2A5A24E8C02D005A45CA = {
						CreatedOnToolsVersion = 11.6;
					};
				};
			};
			buildConfigurationList = 95BA2A5624E8C02D005A45CA /* Build configuration list for PBXProject "TblVu1" */;
			compatibilityVersion = "Xcode 9.3";
			developmentRegion = en;
			hasScannedForEncodings = 0;
			knownRegions = (
				en,
				Base,
			);
			mainGroup = 95BA2A5224E8C02D005A45CA;
			productRefGroup = 95BA2A5C24E8C02D005A45CA /* Products */;
			projectDirPath = "";
			projectRoot = "";
			targets = (
				95BA2A5A24E8C02D005A45CA /* TblVu1 */,
			);
		};
/* End PBXProject section */

/* Begin PBXResourcesBuildPhase section */
		95BA2A5924E8C02D005A45CA /* Resources */ = {
			isa = PBXResourcesBuildPhase;
			buildActionMask = 2147483647;
			files = (
				95BA2A6B24E8C02E005A45CA /* LaunchScreen.storyboard in Resources */,
				95BA2A6824E8C02E005A45CA /* Assets.xcassets in Resources */,
				95BA2A6624E8C02D005A45CA /* Main.storyboard in Resources */,
			);
			runOnlyForDeploymentPostprocessing = 0;
		};
/* End PBXResourcesBuildPhase section */

/* Begin PBXSourcesBuildPhase section */
		95BA2A5724E8C02D005A45CA /* Sources */ = {
			isa = PBXSourcesBuildPhase;
			buildActionMask = 2147483647;
			files = (
				95BA2A6324E8C02D005A45CA /* ViewController.swift in Sources */,
				95BA2A5F24E8C02D005A45CA /* AppDelegate.swift in Sources */,
				95BA2A6124E8C02D005A45CA /* SceneDelegate.swift in Sources */,
			);
			runOnlyForDeploymentPostprocessing = 0;
		};
/* End PBXSourcesBuildPhase section */

/* Begin PBXVariantGroup section */
		95BA2A6424E8C02D005A45CA /* Main.storyboard */ = {
			isa = PBXVariantGroup;
			children = (
				95BA2A6524E8C02D005A45CA /* Base */,
			);
			name = Main.storyboard;
			sourceTree = "<group>";
		};
		95BA2A6924E8C02E005A45CA /* LaunchScreen.storyboard */ = {
			isa = PBXVariantGroup;
			children = (
				95BA2A6A24E8C02E005A45CA /* Base */,
			);
			name = LaunchScreen.storyboard;
			sourceTree = "<group>";
		};
/* End PBXVariantGroup section */

/* Begin XCBuildConfiguration section */
		95BA2A6D24E8C02E005A45CA /* Debug */ = {
			isa = XCBuildConfiguration;
			buildSettings = {
				ALWAYS_SEARCH_USER_PATHS = NO;
				CLANG_ANALYZER_NONNULL = YES;
				CLANG_ANALYZER_NUMBER_OBJECT_CONVERSION = YES_AGGRESSIVE;
				CLANG_CXX_LANGUAGE_STANDARD = "gnu++14";
				CLANG_CXX_LIBRARY = "libc++";
				CLANG_ENABLE_MODULES = YES;
				CLANG_ENABLE_OBJC_ARC = YES;
				CLANG_ENABLE_OBJC_WEAK = YES;
				CLANG_WARN_BLOCK_CAPTURE_AUTORELEASING = YES;
				CLANG_WARN_BOOL_CONVERSION = YES;
				CLANG_WARN_COMMA = YES;
				CLANG_WARN_CONSTANT_CONVERSION = YES;
				CLANG_WARN_DEPRECATED_OBJC_IMPLEMENTATIONS = YES;
				CLANG_WARN_DIRECT_OBJC_ISA_USAGE = YES_ERROR;
				CLANG_WARN_DOCUMENTATION_COMMENTS = YES;
				CLANG_WARN_EMPTY_BODY = YES;
				CLANG_WARN_ENUM_CONVERSION = YES;
				CLANG_WARN_INFINITE_RECURSION = YES;
				CLANG_WARN_INT_CONVERSION = YES;
				CLANG_WARN_NON_LITERAL_NULL_CONVERSION = YES;
				CLANG_WARN_OBJC_IMPLICIT_RETAIN_SELF = YES;
				CLANG_WARN_OBJC_LITERAL_CONVERSION = YES;
				CLANG_WARN_OBJC_ROOT_CLASS = YES_ERROR;
				CLANG_WARN_RANGE_LOOP_ANALYSIS = YES;
				CLANG_WARN_STRICT_PROTOTYPES = YES;
				CLANG_WARN_SUSPICIOUS_MOVE = YES;
				CLANG_WARN_UNGUARDED_AVAILABILITY = YES_AGGRESSIVE;
				CLANG_WARN_UNREACHABLE_CODE = YES;
				CLANG_WARN__DUPLICATE_METHOD_MATCH = YES;
				COPY_PHASE_STRIP = NO;
				DEBUG_INFORMATION_FORMAT = dwarf;
				ENABLE_STRICT_OBJC_MSGSEND = YES;
				ENABLE_TESTABILITY = YES;
				GCC_C_LANGUAGE_STANDARD = gnu11;
				GCC_DYNAMIC_NO_PIC = NO;
				GCC_NO_COMMON_BLOCKS = YES;
				GCC_OPTIMIZATION_LEVEL = 0;
				GCC_PREPROCESSOR_DEFINITIONS = (
					"DEBUG=1",
					"$(inherited)",
				);
				GCC_WARN_64_TO_32_BIT_CONVERSION = YES;
				GCC_WARN_ABOUT_RETURN_TYPE = YES_ERROR;
				GCC_WARN_UNDECLARED_SELECTOR = YES;
				GCC_WARN_UNINITIALIZED_AUTOS = YES_AGGRESSIVE;
				GCC_WARN_UNUSED_FUNCTION = YES;
				GCC_WARN_UNUSED_VARIABLE = YES;
				IPHONEOS_DEPLOYMENT_TARGET = 13.6;
				MTL_ENABLE_DEBUG_INFO = INCLUDE_SOURCE;
				MTL_FAST_MATH = YES;
				ONLY_ACTIVE_ARCH = YES;
				SDKROOT = iphoneos;
				SWIFT_ACTIVE_COMPILATION_CONDITIONS = DEBUG;
				SWIFT_OPTIMIZATION_LEVEL = "-Onone";
			};
			name = Debug;
		};
		95BA2A6E24E8C02E005A45CA /* Release */ = {
			isa = XCBuildConfiguration;
			buildSettings = {
				ALWAYS_SEARCH_USER_PATHS = NO;
				CLANG_ANALYZER_NONNULL = YES;
				CLANG_ANALYZER_NUMBER_OBJECT_CONVERSION = YES_AGGRESSIVE;
				CLANG_CXX_LANGUAGE_STANDARD = "gnu++14";
				CLANG_CXX_LIBRARY = "libc++";
				CLANG_ENABLE_MODULES = YES;
				CLANG_ENABLE_OBJC_ARC = YES;
				CLANG_ENABLE_OBJC_WEAK = YES;
				CLANG_WARN_BLOCK_CAPTURE_AUTORELEASING = YES;
				CLANG_WARN_BOOL_CONVERSION = YES;
				CLANG_WARN_COMMA = YES;
				CLANG_WARN_CONSTANT_CONVERSION = YES;
				CLANG_WARN_DEPRECATED_OBJC_IMPLEMENTATIONS = YES;
				CLANG_WARN_DIRECT_OBJC_ISA_USAGE = YES_ERROR;
				CLANG_WARN_DOCUMENTATION_COMMENTS = YES;
				CLANG_WARN_EMPTY_BODY = YES;
				CLANG_WARN_ENUM_CONVERSION = YES;
				CLANG_WARN_INFINITE_RECURSION = YES;
				CLANG_WARN_INT_CONVERSION = YES;
				CLANG_WARN_NON_LITERAL_NULL_CONVERSION = YES;
				CLANG_WARN_OBJC_IMPLICIT_RETAIN_SELF = YES;
				CLANG_WARN_OBJC_LITERAL_CONVERSION = YES;
				CLANG_WARN_OBJC_ROOT_CLASS = YES_ERROR;
				CLANG_WARN_RANGE_LOOP_ANALYSIS = YES;
				CLANG_WARN_STRICT_PROTOTYPES = YES;
				CLANG_WARN_SUSPICIOUS_MOVE = YES;
				CLANG_WARN_UNGUARDED_AVAILABILITY = YES_AGGRESSIVE;
				CLANG_WARN_UNREACHABLE_CODE = YES;
				CLANG_WARN__DUPLICATE_METHOD_MATCH = YES;
				COPY_PHASE_STRIP = NO;
				DEBUG_INFORMATION_FORMAT = "dwarf-with-dsym";
				ENABLE_NS_ASSERTIONS = NO;
				ENABLE_STRICT_OBJC_MSGSEND = YES;
				GCC_C_LANGUAGE_STANDARD = gnu11;
				GCC_NO_COMMON_BLOCKS = YES;
				GCC_WARN_64_TO_32_BIT_CONVERSION = YES;
				GCC_WARN_ABOUT_RETURN_TYPE = YES_ERROR;
				GCC_WARN_UNDECLARED_SELECTOR = YES;
				GCC_WARN_UNINITIALIZED_AUTOS = YES_AGGRESSIVE;
				GCC_WARN_UNUSED_FUNCTION = YES;
				GCC_WARN_UNUSED_VARIABLE = YES;
				IPHONEOS_DEPLOYMENT_TARGET = 13.6;
				MTL_ENABLE_DEBUG_INFO = NO;
				MTL_FAST_MATH = YES;
				SDKROOT = iphoneos;
				SWIFT_COMPILATION_MODE = wholemodule;
				SWIFT_OPTIMIZATION_LEVEL = "-O";
				VALIDATE_PRODUCT = YES;
			};
			name = Release;
		};
		95BA2A7024E8C02E005A45CA /* Debug */ = {
			isa = XCBuildConfiguration;
			buildSettings = {
				ASSETCATALOG_COMPILER_APPICON_NAME = AppIcon;
				CODE_SIGN_STYLE = Automatic;
				INFOPLIST_FILE = TblVu1/Info.plist;
				LD_RUNPATH_SEARCH_PATHS = (
					"$(inherited)",
					"@executable_path/Frameworks",
				);
				PRODUCT_BUNDLE_IDENTIFIER = com.groundspeedhq.TblVu1;
				PRODUCT_NAME = "$(TARGET_NAME)";
				SWIFT_VERSION = 5.0;
				TARGETED_DEVICE_FAMILY = "1,2";
			};
			name = Debug;
		};
		95BA2A7124E8C02E005A45CA /* Release */ = {
			isa = XCBuildConfiguration;
			buildSettings = {
				ASSETCATALOG_COMPILER_APPICON_NAME = AppIcon;
				CODE_SIGN_STYLE = Automatic;
				INFOPLIST_FILE = TblVu1/Info.plist;
				LD_RUNPATH_SEARCH_PATHS = (
					"$(inherited)",
					"@executable_path/Frameworks",
				);
				PRODUCT_BUNDLE_IDENTIFIER = com.groundspeedhq.TblVu1;
				PRODUCT_NAME = "$(TARGET_NAME)";
				SWIFT_VERSION = 5.0;
				TARGETED_DEVICE_FAMILY = "1,2";
			};
			name = Release;
		};
/* End XCBuildConfiguration section */

/* Begin XCConfigurationList section */
		95BA2A5624E8C02D005A45CA /* Build configuration list for PBXProject "TblVu1" */ = {
			isa = XCConfigurationList;
			buildConfigurations = (
				95BA2A6D24E8C02E005A45CA /* Debug */,
				95BA2A6E24E8C02E005A45CA /* Release */,
			);
			defaultConfigurationIsVisible = 0;
			defaultConfigurationName = Release;
		};
		95BA2A6F24E8C02E005A45CA /* Build configuration list for PBXNativeTarget "TblVu1" */ = {
			isa = XCConfigurationList;
			buildConfigurations = (
				95BA2A7024E8C02E005A45CA /* Debug */,
				95BA2A7124E8C02E005A45CA /* Release */,
			);
			defaultConfigurationIsVisible = 0;
			defaultConfigurationName = Release;
		};
/* End XCConfigurationList section */
	};
	rootObject = 95BA2A5324E8C02D005A45CA /* Project object */;
}
