// !$*UTF8*$!
{
	archiveVersion = 1;
	classes = {
	};
	objectVersion = 50;
	objects = {

/* Begin PBXBuildFile section */
		95B6E3EE24E8D30500E8BCD6 /* TableViewController.swift in Sources */ = {isa = PBXBuildFile; fileRef = 95B6E3ED24E8D30500E8BCD6 /* TableViewController.swift */; };
		95E922C924E8B45900A03117 /* AppDelegate.swift in Sources */ = {isa = PBXBuildFile; fileRef = 95E922C824E8B45900A03117 /* AppDelegate.swift */; };
		95E922CB24E8B45900A03117 /* SceneDelegate.swift in Sources */ = {isa = PBXBuildFile; fileRef = 95E922CA24E8B45900A03117 /* SceneDelegate.swift */; };
		95E922CD24E8B45900A03117 /* ViewController.swift in Sources */ = {isa = PBXBuildFile; fileRef = 95E922CC24E8B45900A03117 /* ViewController.swift */; };
		95E922D024E8B45900A03117 /* Main.storyboard in Resources */ = {isa = PBXBuildFile; fileRef = 95E922CE24E8B45900A03117 /* Main.storyboard */; };
		95E922D224E8B45B00A03117 /* Assets.xcassets in Resources */ = {isa = PBXBuildFile; fileRef = 95E922D124E8B45B00A03117 /* Assets.xcassets */; };
		95E922D524E8B45B00A03117 /* LaunchScreen.storyboard in Resources */ = {isa = PBXBuildFile; fileRef = 95E922D324E8B45B00A03117 /* LaunchScreen.storyboard */; };
/* End PBXBuildFile section */

/* Begin PBXFileReference section */
		95B6E3ED24E8D30500E8BCD6 /* TableViewController.swift */ = {isa = PBXFileReference; lastKnownFileType = sourcecode.swift; path = TableViewController.swift; sourceTree = "<group>"; };
		95E922C524E8B45900A03117 /* Payment.app */ = {isa = PBXFileReference; explicitFileType = wrapper.application; includeInIndex = 0; path = Payment.app; sourceTree = BUILT_PRODUCTS_DIR; };
		95E922C824E8B45900A03117 /* AppDelegate.swift */ = {isa = PBXFileReference; lastKnownFileType = sourcecode.swift; path = AppDelegate.swift; sourceTree = "<group>"; };
		95E922CA24E8B45900A03117 /* SceneDelegate.swift */ = {isa = PBXFileReference; lastKnownFileType = sourcecode.swift; path = SceneDelegate.swift; sourceTree = "<group>"; };
		95E922CC24E8B45900A03117 /* ViewController.swift */ = {isa = PBXFileReference; lastKnownFileType = sourcecode.swift; path = ViewController.swift; sourceTree = "<group>"; };
		95E922CF24E8B45900A03117 /* Base */ = {isa = PBXFileReference; lastKnownFileType = file.storyboard; name = Base; path = Base.lproj/Main.storyboard; sourceTree = "<group>"; };
		95E922D124E8B45B00A03117 /* Assets.xcassets */ = {isa = PBXFileReference; lastKnownFileType = folder.assetcatalog; path = Assets.xcassets; sourceTree = "<group>"; };
		95E922D424E8B45B00A03117 /* Base */ = {isa = PBXFileReference; lastKnownFileType = file.storyboard; name = Base; path = Base.lproj/LaunchScreen.storyboard; sourceTree = "<group>"; };
		95E922D624E8B45B00A03117 /* Info.plist */ = {isa = PBXFileReference; lastKnownFileType = text.plist.xml; path = Info.plist; sourceTree = "<group>"; };
/* End PBXFileReference section */

/* Begin PBXFrameworksBuildPhase section */
		95E922C224E8B45900A03117 /* Frameworks */ = {
			isa = PBXFrameworksBuildPhase;
			buildActionMask = 2147483647;
			files = (
			);
			runOnlyForDeploymentPostprocessing = 0;
		};
/* End PBXFrameworksBuildPhase section */

/* Begin PBXGroup section */
		95E922BC24E8B45900A03117 = {
			isa = PBXGroup;
			children = (
				95E922C724E8B45900A03117 /* Payment */,
				95E922C624E8B45900A03117 /* Products */,
			);
			sourceTree = "<group>";
		};
		95E922C624E8B45900A03117 /* Products */ = {
			isa = PBXGroup;
			children = (
				95E922C524E8B45900A03117 /* Payment.app */,
			);
			name = Products;
			sourceTree = "<group>";
		};
		95E922C724E8B45900A03117 /* Payment */ = {
			isa = PBXGroup;
			children = (
				95E922C824E8B45900A03117 /* AppDelegate.swift */,
				95E922CA24E8B45900A03117 /* SceneDelegate.swift */,
				95E922CC24E8B45900A03117 /* ViewController.swift */,
				95E922CE24E8B45900A03117 /* Main.storyboard */,
				95E922D124E8B45B00A03117 /* Assets.xcassets */,
				95E922D324E8B45B00A03117 /* LaunchScreen.storyboard */,
				95E922D624E8B45B00A03117 /* Info.plist */,
				95B6E3ED24E8D30500E8BCD6 /* TableViewController.swift */,
			);
			path = Payment;
			sourceTree = "<group>";
		};
/* End PBXGroup section */

/* Begin PBXNativeTarget section */
		95E922C424E8B45900A03117 /* Payment */ = {
			isa = PBXNativeTarget;
			buildConfigurationList = 95E922D924E8B45B00A03117 /* Build configuration list for PBXNativeTarget "Payment" */;
			buildPhases = (
				95E922C124E8B45900A03117 /* Sources */,
				95E922C224E8B45900A03117 /* Frameworks */,
				95E922C324E8B45900A03117 /* Resources */,
			);
			buildRules = (
			);
			dependencies = (
			);
			name = Payment;
			productName = Payment;
			productReference = 95E922C524E8B45900A03117 /* Payment.app */;
			productType = "com.apple.product-type.application";
		};
/* End PBXNativeTarget section */

/* Begin PBXProject section */
		95E922BD24E8B45900A03117 /* Project object */ = {
			isa = PBXProject;
			attributes = {
				LastSwiftUpdateCheck = 1160;
				LastUpgradeCheck = 1160;
				ORGANIZATIONNAME = GroundSpeed;
				TargetAttributes = {
					95E922C424E8B45900A03117 = {
						CreatedOnToolsVersion = 11.6;
					};
				};
			};
			buildConfigurationList = 95E922C024E8B45900A03117 /* Build configuration list for PBXProject "Payment" */;
			compatibilityVersion = "Xcode 9.3";
			developmentRegion = en;
			hasScannedForEncodings = 0;
			knownRegions = (
				en,
				Base,
			);
			mainGroup = 95E922BC24E8B45900A03117;
			productRefGroup = 95E922C624E8B45900A03117 /* Products */;
			projectDirPath = "";
			projectRoot = "";
			targets = (
				95E922C424E8B45900A03117 /* Payment */,
			);
		};
/* End PBXProject section */

/* Begin PBXResourcesBuildPhase section */
		95E922C324E8B45900A03117 /* Resources */ = {
			isa = PBXResourcesBuildPhase;
			buildActionMask = 2147483647;
			files = (
				95E922D524E8B45B00A03117 /* LaunchScreen.storyboard in Resources */,
				95E922D224E8B45B00A03117 /* Assets.xcassets in Resources */,
				95E922D024E8B45900A03117 /* Main.storyboard in Resources */,
			);
			runOnlyForDeploymentPostprocessing = 0;
		};
/* End PBXResourcesBuildPhase section */

/* Begin PBXSourcesBuildPhase section */
		95E922C124E8B45900A03117 /* Sources */ = {
			isa = PBXSourcesBuildPhase;
			buildActionMask = 2147483647;
			files = (
				95E922CD24E8B45900A03117 /* ViewController.swift in Sources */,
				95E922C924E8B45900A03117 /* AppDelegate.swift in Sources */,
				95E922CB24E8B45900A03117 /* SceneDelegate.swift in Sources */,
				95B6E3EE24E8D30500E8BCD6 /* TableViewController.swift in Sources */,
			);
			runOnlyForDeploymentPostprocessing = 0;
		};
/* End PBXSourcesBuildPhase section */

/* Begin PBXVariantGroup section */
		95E922CE24E8B45900A03117 /* Main.storyboard */ = {
			isa = PBXVariantGroup;
			children = (
				95E922CF24E8B45900A03117 /* Base */,
			);
			name = Main.storyboard;
			sourceTree = "<group>";
		};
		95E922D324E8B45B00A03117 /* LaunchScreen.storyboard */ = {
			isa = PBXVariantGroup;
			children = (
				95E922D424E8B45B00A03117 /* Base */,
			);
			name = LaunchScreen.storyboard;
			sourceTree = "<group>";
		};
/* End PBXVariantGroup section */

/* Begin XCBuildConfiguration section */
		95E922D724E8B45B00A03117 /* Debug */ = {
			isa = XCBuildConfiguration;
			buildSettings = {
				ALWAYS_SEARCH_USER_PATHS = NO;
				CLANG_ANALYZER_NONNULL = YES;
				CLANG_ANALYZER_NUMBER_OBJECT_CONVERSION = YES_AGGRESSIVE;
				CLANG_CXX_LANGUAGE_STANDARD = "gnu++14";
				CLANG_CXX_LIBRARY = "libc++";
				CLANG_ENABLE_MODULES = YES;
				CLANG_ENABLE_OBJC_ARC = YES;
				CLANG_ENABLE_OBJC_WEAK = YES;
				CLANG_WARN_BLOCK_CAPTURE_AUTORELEASING = YES;
				CLANG_WARN_BOOL_CONVERSION = YES;
				CLANG_WARN_COMMA = YES;
				CLANG_WARN_CONSTANT_CONVERSION = YES;
				CLANG_WARN_DEPRECATED_OBJC_IMPLEMENTATIONS = YES;
				CLANG_WARN_DIRECT_OBJC_ISA_USAGE = YES_ERROR;
				CLANG_WARN_DOCUMENTATION_COMMENTS = YES;
				CLANG_WARN_EMPTY_BODY = YES;
				CLANG_WARN_ENUM_CONVERSION = YES;
				CLANG_WARN_INFINITE_RECURSION = YES;
				CLANG_WARN_INT_CONVERSION = YES;
				CLANG_WARN_NON_LITERAL_NULL_CONVERSION = YES;
				CLANG_WARN_OBJC_IMPLICIT_RETAIN_SELF = YES;
				CLANG_WARN_OBJC_LITERAL_CONVERSION = YES;
				CLANG_WARN_OBJC_ROOT_CLASS = YES_ERROR;
				CLANG_WARN_RANGE_LOOP_ANALYSIS = YES;
				CLANG_WARN_STRICT_PROTOTYPES = YES;
				CLANG_WARN_SUSPICIOUS_MOVE = YES;
				CLANG_WARN_UNGUARDED_AVAILABILITY = YES_AGGRESSIVE;
				CLANG_WARN_UNREACHABLE_CODE = YES;
				CLANG_WARN__DUPLICATE_METHOD_MATCH = YES;
				COPY_PHASE_STRIP = NO;
				DEBUG_INFORMATION_FORMAT = dwarf;
				ENABLE_STRICT_OBJC_MSGSEND = YES;
				ENABLE_TESTABILITY = YES;
				GCC_C_LANGUAGE_STANDARD = gnu11;
				GCC_DYNAMIC_NO_PIC = NO;
				GCC_NO_COMMON_BLOCKS = YES;
				GCC_OPTIMIZATION_LEVEL = 0;
				GCC_PREPROCESSOR_DEFINITIONS = (
					"DEBUG=1",
					"$(inherited)",
				);
				GCC_WARN_64_TO_32_BIT_CONVERSION = YES;
				GCC_WARN_ABOUT_RETURN_TYPE = YES_ERROR;
				GCC_WARN_UNDECLARED_SELECTOR = YES;
				GCC_WARN_UNINITIALIZED_AUTOS = YES_AGGRESSIVE;
				GCC_WARN_UNUSED_FUNCTION = YES;
				GCC_WARN_UNUSED_VARIABLE = YES;
				IPHONEOS_DEPLOYMENT_TARGET = 13.6;
				MTL_ENABLE_DEBUG_INFO = INCLUDE_SOURCE;
				MTL_FAST_MATH = YES;
				ONLY_ACTIVE_ARCH = YES;
				SDKROOT = iphoneos;
				SWIFT_ACTIVE_COMPILATION_CONDITIONS = DEBUG;
				SWIFT_OPTIMIZATION_LEVEL = "-Onone";
			};
			name = Debug;
		};
		95E922D824E8B45B00A03117 /* Release */ = {
			isa = XCBuildConfiguration;
			buildSettings = {
				ALWAYS_SEARCH_USER_PATHS = NO;
				CLANG_ANALYZER_NONNULL = YES;
				CLANG_ANALYZER_NUMBER_OBJECT_CONVERSION = YES_AGGRESSIVE;
				CLANG_CXX_LANGUAGE_STANDARD = "gnu++14";
				CLANG_CXX_LIBRARY = "libc++";
				CLANG_ENABLE_MODULES = YES;
				CLANG_ENABLE_OBJC_ARC = YES;
				CLANG_ENABLE_OBJC_WEAK = YES;
				CLANG_WARN_BLOCK_CAPTURE_AUTORELEASING = YES;
				CLANG_WARN_BOOL_CONVERSION = YES;
				CLANG_WARN_COMMA = YES;
				CLANG_WARN_CONSTANT_CONVERSION = YES;
				CLANG_WARN_DEPRECATED_OBJC_IMPLEMENTATIONS = YES;
				CLANG_WARN_DIRECT_OBJC_ISA_USAGE = YES_ERROR;
				CLANG_WARN_DOCUMENTATION_COMMENTS = YES;
				CLANG_WARN_EMPTY_BODY = YES;
				CLANG_WARN_ENUM_CONVERSION = YES;
				CLANG_WARN_INFINITE_RECURSION = YES;
				CLANG_WARN_INT_CONVERSION = YES;
				CLANG_WARN_NON_LITERAL_NULL_CONVERSION = YES;
				CLANG_WARN_OBJC_IMPLICIT_RETAIN_SELF = YES;
				CLANG_WARN_OBJC_LITERAL_CONVERSION = YES;
				CLANG_WARN_OBJC_ROOT_CLASS = YES_ERROR;
				CLANG_WARN_RANGE_LOOP_ANALYSIS = YES;
				CLANG_WARN_STRICT_PROTOTYPES = YES;
				CLANG_WARN_SUSPICIOUS_MOVE = YES;
				CLANG_WARN_UNGUARDED_AVAILABILITY = YES_AGGRESSIVE;
				CLANG_WARN_UNREACHABLE_CODE = YES;
				CLANG_WARN__DUPLICATE_METHOD_MATCH = YES;
				COPY_PHASE_STRIP = NO;
				DEBUG_INFORMATION_FORMAT = "dwarf-with-dsym";
				ENABLE_NS_ASSERTIONS = NO;
				ENABLE_STRICT_OBJC_MSGSEND = YES;
				GCC_C_LANGUAGE_STANDARD = gnu11;
				GCC_NO_COMMON_BLOCKS = YES;
				GCC_WARN_64_TO_32_BIT_CONVERSION = YES;
				GCC_WARN_ABOUT_RETURN_TYPE = YES_ERROR;
				GCC_WARN_UNDECLARED_SELECTOR = YES;
				GCC_WARN_UNINITIALIZED_AUTOS = YES_AGGRESSIVE;
				GCC_WARN_UNUSED_FUNCTION = YES;
				GCC_WARN_UNUSED_VARIABLE = YES;
				IPHONEOS_DEPLOYMENT_TARGET = 13.6;
				MTL_ENABLE_DEBUG_INFO = NO;
				MTL_FAST_MATH = YES;
				SDKROOT = iphoneos;
				SWIFT_COMPILATION_MODE = wholemodule;
				SWIFT_OPTIMIZATION_LEVEL = "-O";
				VALIDATE_PRODUCT = YES;
			};
			name = Release;
		};
		95E922DA24E8B45B00A03117 /* Debug */ = {
			isa = XCBuildConfiguration;
			buildSettings = {
				ASSETCATALOG_COMPILER_APPICON_NAME = AppIcon;
				CODE_SIGN_STYLE = Automatic;
				INFOPLIST_FILE = Payment/Info.plist;
				LD_RUNPATH_SEARCH_PATHS = (
					"$(inherited)",
					"@executable_path/Frameworks",
				);
				PRODUCT_BUNDLE_IDENTIFIER = com.groundspeedhq.Payment;
				PRODUCT_NAME = "$(TARGET_NAME)";
				SWIFT_VERSION = 5.0;
				TARGETED_DEVICE_FAMILY = "1,2";
			};
			name = Debug;
		};
		95E922DB24E8B45B00A03117 /* Release */ = {
			isa = XCBuildConfiguration;
			buildSettings = {
				ASSETCATALOG_COMPILER_APPICON_NAME = AppIcon;
				CODE_SIGN_STYLE = Automatic;
				INFOPLIST_FILE = Payment/Info.plist;
				LD_RUNPATH_SEARCH_PATHS = (
					"$(inherited)",
					"@executable_path/Frameworks",
				);
				PRODUCT_BUNDLE_IDENTIFIER = com.groundspeedhq.Payment;
				PRODUCT_NAME = "$(TARGET_NAME)";
				SWIFT_VERSION = 5.0;
				TARGETED_DEVICE_FAMILY = "1,2";
			};
			name = Release;
		};
/* End XCBuildConfiguration section */

/* Begin XCConfigurationList section */
		95E922C024E8B45900A03117 /* Build configuration list for PBXProject "Payment" */ = {
			isa = XCConfigurationList;
			buildConfigurations = (
				95E922D724E8B45B00A03117 /* Debug */,
				95E922D824E8B45B00A03117 /* Release */,
			);
			defaultConfigurationIsVisible = 0;
			defaultConfigurationName = Release;
		};
		95E922D924E8B45B00A03117 /* Build configuration list for PBXNativeTarget "Payment" */ = {
			isa = XCConfigurationList;
			buildConfigurations = (
				95E922DA24E8B45B00A03117 /* Debug */,
				95E922DB24E8B45B00A03117 /* Release */,
			);
			defaultConfigurationIsVisible = 0;
			defaultConfigurationName = Release;
		};
/* End XCConfigurationList section */
	};
	rootObject = 95E922BD24E8B45900A03117 /* Project object */;
}
