// !$*UTF8*$!
{
	archiveVersion = 1;
	classes = {
	};
	objectVersion = 50;
	objects = {

/* Begin PBXBuildFile section */
		9582A9E224E9CB5600FC5AAC /* AppDelegate.swift in Sources */ = {isa = PBXBuildFile; fileRef = 9582A9E124E9CB5600FC5AAC /* AppDelegate.swift */; };
		9582A9E424E9CB5600FC5AAC /* SceneDelegate.swift in Sources */ = {isa = PBXBuildFile; fileRef = 9582A9E324E9CB5600FC5AAC /* SceneDelegate.swift */; };
		9582A9E624E9CB5600FC5AAC /* ViewController.swift in Sources */ = {isa = PBXBuildFile; fileRef = 9582A9E524E9CB5600FC5AAC /* ViewController.swift */; };
		9582A9E924E9CB5600FC5AAC /* Main.storyboard in Resources */ = {isa = PBXBuildFile; fileRef = 9582A9E724E9CB5600FC5AAC /* Main.storyboard */; };
		9582A9EB24E9CB5800FC5AAC /* Assets.xcassets in Resources */ = {isa = PBXBuildFile; fileRef = 9582A9EA24E9CB5800FC5AAC /* Assets.xcassets */; };
		9582A9EE24E9CB5800FC5AAC /* LaunchScreen.storyboard in Resources */ = {isa = PBXBuildFile; fileRef = 9582A9EC24E9CB5800FC5AAC /* LaunchScreen.storyboard */; };
/* End PBXBuildFile section */

/* Begin PBXFileReference section */
		9582A9DE24E9CB5600FC5AAC /* TblVu1.app */ = {isa = PBXFileReference; explicitFileType = wrapper.application; includeInIndex = 0; path = TblVu1.app; sourceTree = BUILT_PRODUCTS_DIR; };
		9582A9E124E9CB5600FC5AAC /* AppDelegate.swift */ = {isa = PBXFileReference; lastKnownFileType = sourcecode.swift; path = AppDelegate.swift; sourceTree = "<group>"; };
		9582A9E324E9CB5600FC5AAC /* SceneDelegate.swift */ = {isa = PBXFileReference; lastKnownFileType = sourcecode.swift; path = SceneDelegate.swift; sourceTree = "<group>"; };
		9582A9E524E9CB5600FC5AAC /* ViewController.swift */ = {isa = PBXFileReference; lastKnownFileType = sourcecode.swift; path = ViewController.swift; sourceTree = "<group>"; };
		9582A9E824E9CB5600FC5AAC /* Base */ = {isa = PBXFileReference; lastKnownFileType = file.storyboard; name = Base; path = Base.lproj/Main.storyboard; sourceTree = "<group>"; };
		9582A9EA24E9CB5800FC5AAC /* Assets.xcassets */ = {isa = PBXFileReference; lastKnownFileType = folder.assetcatalog; path = Assets.xcassets; sourceTree = "<group>"; };
		9582A9ED24E9CB5800FC5AAC /* Base */ = {isa = PBXFileReference; lastKnownFileType = file.storyboard; name = Base; path = Base.lproj/LaunchScreen.storyboard; sourceTree = "<group>"; };
		9582A9EF24E9CB5800FC5AAC /* Info.plist */ = {isa = PBXFileReference; lastKnownFileType = text.plist.xml; path = Info.plist; sourceTree = "<group>"; };
/* End PBXFileReference section */

/* Begin PBXFrameworksBuildPhase section */
		9582A9DB24E9CB5600FC5AAC /* Frameworks */ = {
			isa = PBXFrameworksBuildPhase;
			buildActionMask = 2147483647;
			files = (
			);
			runOnlyForDeploymentPostprocessing = 0;
		};
/* End PBXFrameworksBuildPhase section */

/* Begin PBXGroup section */
		9582A9D524E9CB5600FC5AAC = {
			isa = PBXGroup;
			children = (
				9582A9E024E9CB5600FC5AAC /* TblVu1 */,
				9582A9DF24E9CB5600FC5AAC /* Products */,
			);
			sourceTree = "<group>";
		};
		9582A9DF24E9CB5600FC5AAC /* Products */ = {
			isa = PBXGroup;
			children = (
				9582A9DE24E9CB5600FC5AAC /* TblVu1.app */,
			);
			name = Products;
			sourceTree = "<group>";
		};
		9582A9E024E9CB5600FC5AAC /* TblVu1 */ = {
			isa = PBXGroup;
			children = (
				9582A9E124E9CB5600FC5AAC /* AppDelegate.swift */,
				9582A9E324E9CB5600FC5AAC /* SceneDelegate.swift */,
				9582A9E524E9CB5600FC5AAC /* ViewController.swift */,
				9582A9E724E9CB5600FC5AAC /* Main.storyboard */,
				9582A9EA24E9CB5800FC5AAC /* Assets.xcassets */,
				9582A9EC24E9CB5800FC5AAC /* LaunchScreen.storyboard */,
				9582A9EF24E9CB5800FC5AAC /* Info.plist */,
			);
			path = TblVu1;
			sourceTree = "<group>";
		};
/* End PBXGroup section */

/* Begin PBXNativeTarget section */
		9582A9DD24E9CB5600FC5AAC /* TblVu1 */ = {
			isa = PBXNativeTarget;
			buildConfigurationList = 9582A9F224E9CB5800FC5AAC /* Build configuration list for PBXNativeTarget "TblVu1" */;
			buildPhases = (
				9582A9DA24E9CB5600FC5AAC /* Sources */,
				9582A9DB24E9CB5600FC5AAC /* Frameworks */,
				9582A9DC24E9CB5600FC5AAC /* Resources */,
			);
			buildRules = (
			);
			dependencies = (
			);
			name = TblVu1;
			productName = TblVu1;
			productReference = 9582A9DE24E9CB5600FC5AAC /* TblVu1.app */;
			productType = "com.apple.product-type.application";
		};
/* End PBXNativeTarget section */

/* Begin PBXProject section */
		9582A9D624E9CB5600FC5AAC /* Project object */ = {
			isa = PBXProject;
			attributes = {
				LastSwiftUpdateCheck = 1160;
				LastUpgradeCheck = 1160;
				ORGANIZATIONNAME = GroundSpeed;
				TargetAttributes = {
					9582A9DD24E9CB5600FC5AAC = {
						CreatedOnToolsVersion = 11.6;
					};
				};
			};
			buildConfigurationList = 9582A9D924E9CB5600FC5AAC /* Build configuration list for PBXProject "TblVu1" */;
			compatibilityVersion = "Xcode 9.3";
			developmentRegion = en;
			hasScannedForEncodings = 0;
			knownRegions = (
				en,
				Base,
			);
			mainGroup = 9582A9D524E9CB5600FC5AAC;
			productRefGroup = 9582A9DF24E9CB5600FC5AAC /* Products */;
			projectDirPath = "";
			projectRoot = "";
			targets = (
				9582A9DD24E9CB5600FC5AAC /* TblVu1 */,
			);
		};
/* End PBXProject section */

/* Begin PBXResourcesBuildPhase section */
		9582A9DC24E9CB5600FC5AAC /* Resources */ = {
			isa = PBXResourcesBuildPhase;
			buildActionMask = 2147483647;
			files = (
				9582A9EE24E9CB5800FC5AAC /* LaunchScreen.storyboard in Resources */,
				9582A9EB24E9CB5800FC5AAC /* Assets.xcassets in Resources */,
				9582A9E924E9CB5600FC5AAC /* Main.storyboard in Resources */,
			);
			runOnlyForDeploymentPostprocessing = 0;
		};
/* End PBXResourcesBuildPhase section */

/* Begin PBXSourcesBuildPhase section */
		9582A9DA24E9CB5600FC5AAC /* Sources */ = {
			isa = PBXSourcesBuildPhase;
			buildActionMask = 2147483647;
			files = (
				9582A9E624E9CB5600FC5AAC /* ViewController.swift in Sources */,
				9582A9E224E9CB5600FC5AAC /* AppDelegate.swift in Sources */,
				9582A9E424E9CB5600FC5AAC /* SceneDelegate.swift in Sources */,
			);
			runOnlyForDeploymentPostprocessing = 0;
		};
/* End PBXSourcesBuildPhase section */

/* Begin PBXVariantGroup section */
		9582A9E724E9CB5600FC5AAC /* Main.storyboard */ = {
			isa = PBXVariantGroup;
			children = (
				9582A9E824E9CB5600FC5AAC /* Base */,
			);
			name = Main.storyboard;
			sourceTree = "<group>";
		};
		9582A9EC24E9CB5800FC5AAC /* LaunchScreen.storyboard */ = {
			isa = PBXVariantGroup;
			children = (
				9582A9ED24E9CB5800FC5AAC /* Base */,
			);
			name = LaunchScreen.storyboard;
			sourceTree = "<group>";
		};
/* End PBXVariantGroup section */

/* Begin XCBuildConfiguration section */
		9582A9F024E9CB5800FC5AAC /* Debug */ = {
			isa = XCBuildConfiguration;
			buildSettings = {
				ALWAYS_SEARCH_USER_PATHS = NO;
				CLANG_ANALYZER_NONNULL = YES;
				CLANG_ANALYZER_NUMBER_OBJECT_CONVERSION = YES_AGGRESSIVE;
				CLANG_CXX_LANGUAGE_STANDARD = "gnu++14";
				CLANG_CXX_LIBRARY = "libc++";
				CLANG_ENABLE_MODULES = YES;
				CLANG_ENABLE_OBJC_ARC = YES;
				CLANG_ENABLE_OBJC_WEAK = YES;
				CLANG_WARN_BLOCK_CAPTURE_AUTORELEASING = YES;
				CLANG_WARN_BOOL_CONVERSION = YES;
				CLANG_WARN_COMMA = YES;
				CLANG_WARN_CONSTANT_CONVERSION = YES;
				CLANG_WARN_DEPRECATED_OBJC_IMPLEMENTATIONS = YES;
				CLANG_WARN_DIRECT_OBJC_ISA_USAGE = YES_ERROR;
				CLANG_WARN_DOCUMENTATION_COMMENTS = YES;
				CLANG_WARN_EMPTY_BODY = YES;
				CLANG_WARN_ENUM_CONVERSION = YES;
				CLANG_WARN_INFINITE_RECURSION = YES;
				CLANG_WARN_INT_CONVERSION = YES;
				CLANG_WARN_NON_LITERAL_NULL_CONVERSION = YES;
				CLANG_WARN_OBJC_IMPLICIT_RETAIN_SELF = YES;
				CLANG_WARN_OBJC_LITERAL_CONVERSION = YES;
				CLANG_WARN_OBJC_ROOT_CLASS = YES_ERROR;
				CLANG_WARN_RANGE_LOOP_ANALYSIS = YES;
				CLANG_WARN_STRICT_PROTOTYPES = YES;
				CLANG_WARN_SUSPICIOUS_MOVE = YES;
				CLANG_WARN_UNGUARDED_AVAILABILITY = YES_AGGRESSIVE;
				CLANG_WARN_UNREACHABLE_CODE = YES;
				CLANG_WARN__DUPLICATE_METHOD_MATCH = YES;
				COPY_PHASE_STRIP = NO;
				DEBUG_INFORMATION_FORMAT = dwarf;
				ENABLE_STRICT_OBJC_MSGSEND = YES;
				ENABLE_TESTABILITY = YES;
				GCC_C_LANGUAGE_STANDARD = gnu11;
				GCC_DYNAMIC_NO_PIC = NO;
				GCC_NO_COMMON_BLOCKS = YES;
				GCC_OPTIMIZATION_LEVEL = 0;
				GCC_PREPROCESSOR_DEFINITIONS = (
					"DEBUG=1",
					"$(inherited)",
				);
				GCC_WARN_64_TO_32_BIT_CONVERSION = YES;
				GCC_WARN_ABOUT_RETURN_TYPE = YES_ERROR;
				GCC_WARN_UNDECLARED_SELECTOR = YES;
				GCC_WARN_UNINITIALIZED_AUTOS = YES_AGGRESSIVE;
				GCC_WARN_UNUSED_FUNCTION = YES;
				GCC_WARN_UNUSED_VARIABLE = YES;
				IPHONEOS_DEPLOYMENT_TARGET = 13.6;
				MTL_ENABLE_DEBUG_INFO = INCLUDE_SOURCE;
				MTL_FAST_MATH = YES;
				ONLY_ACTIVE_ARCH = YES;
				SDKROOT = iphoneos;
				SWIFT_ACTIVE_COMPILATION_CONDITIONS = DEBUG;
				SWIFT_OPTIMIZATION_LEVEL = "-Onone";
			};
			name = Debug;
		};
		9582A9F124E9CB5800FC5AAC /* Release */ = {
			isa = XCBuildConfiguration;
			buildSettings = {
				ALWAYS_SEARCH_USER_PATHS = NO;
				CLANG_ANALYZER_NONNULL = YES;
				CLANG_ANALYZER_NUMBER_OBJECT_CONVERSION = YES_AGGRESSIVE;
				CLANG_CXX_LANGUAGE_STANDARD = "gnu++14";
				CLANG_CXX_LIBRARY = "libc++";
				CLANG_ENABLE_MODULES = YES;
				CLANG_ENABLE_OBJC_ARC = YES;
				CLANG_ENABLE_OBJC_WEAK = YES;
				CLANG_WARN_BLOCK_CAPTURE_AUTORELEASING = YES;
				CLANG_WARN_BOOL_CONVERSION = YES;
				CLANG_WARN_COMMA = YES;
				CLANG_WARN_CONSTANT_CONVERSION = YES;
				CLANG_WARN_DEPRECATED_OBJC_IMPLEMENTATIONS = YES;
				CLANG_WARN_DIRECT_OBJC_ISA_USAGE = YES_ERROR;
				CLANG_WARN_DOCUMENTATION_COMMENTS = YES;
				CLANG_WARN_EMPTY_BODY = YES;
				CLANG_WARN_ENUM_CONVERSION = YES;
				CLANG_WARN_INFINITE_RECURSION = YES;
				CLANG_WARN_INT_CONVERSION = YES;
				CLANG_WARN_NON_LITERAL_NULL_CONVERSION = YES;
				CLANG_WARN_OBJC_IMPLICIT_RETAIN_SELF = YES;
				CLANG_WARN_OBJC_LITERAL_CONVERSION = YES;
				CLANG_WARN_OBJC_ROOT_CLASS = YES_ERROR;
				CLANG_WARN_RANGE_LOOP_ANALYSIS = YES;
				CLANG_WARN_STRICT_PROTOTYPES = YES;
				CLANG_WARN_SUSPICIOUS_MOVE = YES;
				CLANG_WARN_UNGUARDED_AVAILABILITY = YES_AGGRESSIVE;
				CLANG_WARN_UNREACHABLE_CODE = YES;
				CLANG_WARN__DUPLICATE_METHOD_MATCH = YES;
				COPY_PHASE_STRIP = NO;
				DEBUG_INFORMATION_FORMAT = "dwarf-with-dsym";
				ENABLE_NS_ASSERTIONS = NO;
				ENABLE_STRICT_OBJC_MSGSEND = YES;
				GCC_C_LANGUAGE_STANDARD = gnu11;
				GCC_NO_COMMON_BLOCKS = YES;
				GCC_WARN_64_TO_32_BIT_CONVERSION = YES;
				GCC_WARN_ABOUT_RETURN_TYPE = YES_ERROR;
				GCC_WARN_UNDECLARED_SELECTOR = YES;
				GCC_WARN_UNINITIALIZED_AUTOS = YES_AGGRESSIVE;
				GCC_WARN_UNUSED_FUNCTION = YES;
				GCC_WARN_UNUSED_VARIABLE = YES;
				IPHONEOS_DEPLOYMENT_TARGET = 13.6;
				MTL_ENABLE_DEBUG_INFO = NO;
				MTL_FAST_MATH = YES;
				SDKROOT = iphoneos;
				SWIFT_COMPILATION_MODE = wholemodule;
				SWIFT_OPTIMIZATION_LEVEL = "-O";
				VALIDATE_PRODUCT = YES;
			};
			name = Release;
		};
		9582A9F324E9CB5800FC5AAC /* Debug */ = {
			isa = XCBuildConfiguration;
			buildSettings = {
				ASSETCATALOG_COMPILER_APPICON_NAME = AppIcon;
				CODE_SIGN_STYLE = Automatic;
				INFOPLIST_FILE = TblVu1/Info.plist;
				LD_RUNPATH_SEARCH_PATHS = (
					"$(inherited)",
					"@executable_path/Frameworks",
				);
				PRODUCT_BUNDLE_IDENTIFIER = com.groundspeedhq.TblVu1;
				PRODUCT_NAME = "$(TARGET_NAME)";
				SWIFT_VERSION = 5.0;
				TARGETED_DEVICE_FAMILY = 1;
			};
			name = Debug;
		};
		9582A9F424E9CB5800FC5AAC /* Release */ = {
			isa = XCBuildConfiguration;
			buildSettings = {
				ASSETCATALOG_COMPILER_APPICON_NAME = AppIcon;
				CODE_SIGN_STYLE = Automatic;
				INFOPLIST_FILE = TblVu1/Info.plist;
				LD_RUNPATH_SEARCH_PATHS = (
					"$(inherited)",
					"@executable_path/Frameworks",
				);
				PRODUCT_BUNDLE_IDENTIFIER = com.groundspeedhq.TblVu1;
				PRODUCT_NAME = "$(TARGET_NAME)";
				SWIFT_VERSION = 5.0;
				TARGETED_DEVICE_FAMILY = 1;
			};
			name = Release;
		};
/* End XCBuildConfiguration section */

/* Begin XCConfigurationList section */
		9582A9D924E9CB5600FC5AAC /* Build configuration list for PBXProject "TblVu1" */ = {
			isa = XCConfigurationList;
			buildConfigurations = (
				9582A9F024E9CB5800FC5AAC /* Debug */,
				9582A9F124E9CB5800FC5AAC /* Release */,
			);
			defaultConfigurationIsVisible = 0;
			defaultConfigurationName = Release;
		};
		9582A9F224E9CB5800FC5AAC /* Build configuration list for PBXNativeTarget "TblVu1" */ = {
			isa = XCConfigurationList;
			buildConfigurations = (
				9582A9F324E9CB5800FC5AAC /* Debug */,
				9582A9F424E9CB5800FC5AAC /* Release */,
			);
			defaultConfigurationIsVisible = 0;
			defaultConfigurationName = Release;
		};
/* End XCConfigurationList section */
	};
	rootObject = 9582A9D624E9CB5600FC5AAC /* Project object */;
}
